
Microsoft Visual Studio Solution File, Format Version 12.00
# Visual Studio Version 17
VisualStudioVersion = 17.4.33110.190
MinimumVisualStudioVersion = 10.0.40219.1
Project("{FAE04EC0-301F-11D3-BF4B-00C04F79EFBC}") = "Count Vowels Permutation", "Count Vowels Permutation\Count Vowels Permutation.csproj", "{46308438-8800-415E-A50C-86EC371F0E95}"
EndProject
Global
	GlobalSection(SolutionConfigurationPlatforms) = preSolution
		Debug|Any CPU = Debug|Any CPU
		Release|Any CPU = Release|Any CPU
	EndGlobalSection
	GlobalSection(ProjectConfigurationPlatforms) = postSolution
		{46308438-8800-415E-A50C-86EC371F0E95}.Debug|Any CPU.ActiveCfg = Debug|Any CPU
		{46308438-8800-415E-A50C-86EC371F0E95}.Debug|Any CPU.Build.0 = Debug|Any CPU
		{46308438-8800-415E-A50C-86EC371F0E95}.Release|Any CPU.ActiveCfg = Release|Any CPU
		{46308438-8800-415E-A50C-86EC371F0E95}.Release|Any CPU.Build.0 = Release|Any CPU
	EndGlobalSection
	GlobalSection(SolutionProperties) = preSolution
		HideSolutionNode = FALSE
	EndGlobalSection
	GlobalSection(ExtensibilityGlobals) = postSolution
		SolutionGuid = {F86B650D-7C5A-4AC1-9299-ABF9786DE324}
	EndGlobalSection
EndGlobal
